Microsoft Visual Studio Solution File, Format Version 12.00
# Visual Studio Version 16
VisualStudioVersion = 16.0.0.0
MinimumVisualStudioVersion = 16.0.0.0
Project("{2150E333-8FDC-42A3-9474-1A3956D46DE8}") = "src", "src", "{70AAF828-69D7-463D-A3CC-2477F2012D58}"
EndProject
Project("{2150E333-8FDC-42A3-9474-1A3956D46DE8}") = "Backend", "Backend", "{4A5690A8-B69A-4243-A85D-8E0282D8D261}"
EndProject
Project("{FAE04EC0-301F-11D3-BF4B-00C04F79EFBC}") = "CozySoccerChamp.Api", "Backend\CozySoccerChamp.Api\CozySoccerChamp.Api.csproj", "{C40CF54E-0731-41C8-BA81-1AFC6212F693}"
EndProject
Project("{FAE04EC0-301F-11D3-BF4B-00C04F79EFBC}") = "CozySoccerChamp.Domain", "Backend\CozySoccerChamp.Domain\CozySoccerChamp.Domain.csproj", "{34CA6E71-6102-4022-82AE-37F1B3E967CA}"
EndProject
Project("{FAE04EC0-301F-11D3-BF4B-00C04F79EFBC}") = "CozySoccerChamp.Infrastructure", "Backend\CozySoccerChamp.Infrastructure\CozySoccerChamp.Infrastructure.csproj", "{1E6A1EA0-7F0C-4C40-BEDA-CFA98C1EB45D}"
EndProject
Project("{FAE04EC0-301F-11D3-BF4B-00C04F79EFBC}") = "CozySoccerChamp.Application", "Backend\CozySoccerChamp.Application\CozySoccerChamp.Application.csproj", "{07E917C8-193D-4722-A6A8-27082D6D75F0}"
EndProject
Project("{2150E333-8FDC-42A3-9474-1A3956D46DE8}") = "ExternalServices", "ExternalServices", "{19D36FA2-A80B-4C98-9C35-F3BCD7B781E4}"
EndProject
Project("{FAE04EC0-301F-11D3-BF4B-00C04F79EFBC}") = "CozySoccerChamp.External.SoccerApi", "Backend\ExternalServices\CozySoccerChamp.External.SoccerApi\CozySoccerChamp.External.SoccerApi.csproj", "{EE883306-5E07-49DD-9C53-37E3BE454164}"
EndProject
Global
	GlobalSection(SolutionConfigurationPlatforms) = preSolution
		Debug|Any CPU = Debug|Any CPU
		Debug|x64 = Debug|x64
		Debug|x86 = Debug|x86
		Release|Any CPU = Release|Any CPU
		Release|x64 = Release|x64
		Release|x86 = Release|x86
	EndGlobalSection
	GlobalSection(ProjectConfigurationPlatforms) = postSolution
		{C40CF54E-0731-41C8-BA81-1AFC6212F693}.Debug|Any CPU.ActiveCfg = Debug|Any CPU
		{C40CF54E-0731-41C8-BA81-1AFC6212F693}.Debug|Any CPU.Build.0 = Debug|Any CPU
		{C40CF54E-0731-41C8-BA81-1AFC6212F693}.Debug|x64.ActiveCfg = Debug|Any CPU
		{C40CF54E-0731-41C8-BA81-1AFC6212F693}.Debug|x64.Build.0 = Debug|Any CPU
		{C40CF54E-0731-41C8-BA81-1AFC6212F693}.Debug|x86.ActiveCfg = Debug|Any CPU
		{C40CF54E-0731-41C8-BA81-1AFC6212F693}.Debug|x86.Build.0 = Debug|Any CPU
		{C40CF54E-0731-41C8-BA81-1AFC6212F693}.Release|Any CPU.ActiveCfg = Release|Any CPU
		{C40CF54E-0731-41C8-BA81-1AFC6212F693}.Release|Any CPU.Build.0 = Release|Any CPU
		{C40CF54E-0731-41C8-BA81-1AFC6212F693}.Release|x64.ActiveCfg = Release|Any CPU
		{C40CF54E-0731-41C8-BA81-1AFC6212F693}.Release|x64.Build.0 = Release|Any CPU
		{C40CF54E-0731-41C8-BA81-1AFC6212F693}.Release|x86.ActiveCfg = Release|Any CPU
		{C40CF54E-0731-41C8-BA81-1AFC6212F693}.Release|x86.Build.0 = Release|Any CPU
		{34CA6E71-6102-4022-82AE-37F1B3E967CA}.Debug|Any CPU.ActiveCfg = Debug|Any CPU
		{34CA6E71-6102-4022-82AE-37F1B3E967CA}.Debug|Any CPU.Build.0 = Debug|Any CPU
		{34CA6E71-6102-4022-82AE-37F1B3E967CA}.Debug|x64.ActiveCfg = Debug|Any CPU
		{34CA6E71-6102-4022-82AE-37F1B3E967CA}.Debug|x64.Build.0 = Debug|Any CPU
		{34CA6E71-6102-4022-82AE-37F1B3E967CA}.Debug|x86.ActiveCfg = Debug|Any CPU
		{34CA6E71-6102-4022-82AE-37F1B3E967CA}.Debug|x86.Build.0 = Debug|Any CPU
		{34CA6E71-6102-4022-82AE-37F1B3E967CA}.Release|Any CPU.ActiveCfg = Release|Any CPU
		{34CA6E71-6102-4022-82AE-37F1B3E967CA}.Release|Any CPU.Build.0 = Release|Any CPU
		{34CA6E71-6102-4022-82AE-37F1B3E967CA}.Release|x64.ActiveCfg = Release|Any CPU
		{34CA6E71-6102-4022-82AE-37F1B3E967CA}.Release|x64.Build.0 = Release|Any CPU
		{34CA6E71-6102-4022-82AE-37F1B3E967CA}.Release|x86.ActiveCfg = Release|Any CPU
		{34CA6E71-6102-4022-82AE-37F1B3E967CA}.Release|x86.Build.0 = Release|Any CPU
		{1E6A1EA0-7F0C-4C40-BEDA-CFA98C1EB45D}.Debug|Any CPU.ActiveCfg = Debug|Any CPU
		{1E6A1EA0-7F0C-4C40-BEDA-CFA98C1EB45D}.Debug|Any CPU.Build.0 = Debug|Any CPU
		{1E6A1EA0-7F0C-4C40-BEDA-CFA98C1EB45D}.Debug|x64.ActiveCfg = Debug|Any CPU
		{1E6A1EA0-7F0C-4C40-BEDA-CFA98C1EB45D}.Debug|x64.Build.0 = Debug|Any CPU
		{1E6A1EA0-7F0C-4C40-BEDA-CFA98C1EB45D}.Debug|x86.ActiveCfg = Debug|Any CPU
		{1E6A1EA0-7F0C-4C40-BEDA-CFA98C1EB45D}.Debug|x86.Build.0 = Debug|Any CPU
		{1E6A1EA0-7F0C-4C40-BEDA-CFA98C1EB45D}.Release|Any CPU.ActiveCfg = Release|Any CPU
		{1E6A1EA0-7F0C-4C40-BEDA-CFA98C1EB45D}.Release|Any CPU.Build.0 = Release|Any CPU
		{1E6A1EA0-7F0C-4C40-BEDA-CFA98C1EB45D}.Release|x64.ActiveCfg = Release|Any CPU
		{1E6A1EA0-7F0C-4C40-BEDA-CFA98C1EB45D}.Release|x64.Build.0 = Release|Any CPU
		{1E6A1EA0-7F0C-4C40-BEDA-CFA98C1EB45D}.Release|x86.ActiveCfg = Release|Any CPU
		{1E6A1EA0-7F0C-4C40-BEDA-CFA98C1EB45D}.Release|x86.Build.0 = Release|Any CPU
		{07E917C8-193D-4722-A6A8-27082D6D75F0}.Debug|Any CPU.ActiveCfg = Debug|Any CPU
		{07E917C8-193D-4722-A6A8-27082D6D75F0}.Debug|Any CPU.Build.0 = Debug|Any CPU
		{07E917C8-193D-4722-A6A8-27082D6D75F0}.Debug|x64.ActiveCfg = Debug|Any CPU
		{07E917C8-193D-4722-A6A8-27082D6D75F0}.Debug|x64.Build.0 = Debug|Any CPU
		{07E917C8-193D-4722-A6A8-27082D6D75F0}.Debug|x86.ActiveCfg = Debug|Any CPU
		{07E917C8-193D-4722-A6A8-27082D6D75F0}.Debug|x86.Build.0 = Debug|Any CPU
		{07E917C8-193D-4722-A6A8-27082D6D75F0}.Release|Any CPU.ActiveCfg = Release|Any CPU
		{07E917C8-193D-4722-A6A8-27082D6D75F0}.Release|Any CPU.Build.0 = Release|Any CPU
		{07E917C8-193D-4722-A6A8-27082D6D75F0}.Release|x64.ActiveCfg = Release|Any CPU
		{07E917C8-193D-4722-A6A8-27082D6D75F0}.Release|x64.Build.0 = Release|Any CPU
		{07E917C8-193D-4722-A6A8-27082D6D75F0}.Release|x86.ActiveCfg = Release|Any CPU
		{07E917C8-193D-4722-A6A8-27082D6D75F0}.Release|x86.Build.0 = Release|Any CPU
		{EE883306-5E07-49DD-9C53-37E3BE454164}.Debug|Any CPU.ActiveCfg = Debug|Any CPU
		{EE883306-5E07-49DD-9C53-37E3BE454164}.Debug|Any CPU.Build.0 = Debug|Any CPU
		{EE883306-5E07-49DD-9C53-37E3BE454164}.Debug|x64.ActiveCfg = Debug|Any CPU
		{EE883306-5E07-49DD-9C53-37E3BE454164}.Debug|x64.Build.0 = Debug|Any CPU
		{EE883306-5E07-49DD-9C53-37E3BE454164}.Debug|x86.ActiveCfg = Debug|Any CPU
		{EE883306-5E07-49DD-9C53-37E3BE454164}.Debug|x86.Build.0 = Debug|Any CPU
		{EE883306-5E07-49DD-9C53-37E3BE454164}.Release|Any CPU.ActiveCfg = Release|Any CPU
		{EE883306-5E07-49DD-9C53-37E3BE454164}.Release|Any CPU.Build.0 = Release|Any CPU
		{EE883306-5E07-49DD-9C53-37E3BE454164}.Release|x64.ActiveCfg = Release|Any CPU
		{EE883306-5E07-49DD-9C53-37E3BE454164}.Release|x64.Build.0 = Release|Any CPU
		{EE883306-5E07-49DD-9C53-37E3BE454164}.Release|x86.ActiveCfg = Release|Any CPU
		{EE883306-5E07-49DD-9C53-37E3BE454164}.Release|x86.Build.0 = Release|Any CPU
	EndGlobalSection
	GlobalSection(SolutionProperties) = preSolution
		HideSolutionNode = FALSE
	EndGlobalSection
	GlobalSection(ExtensibilityGlobals) = postSolution
		SolutionGuid = {581FB7FA-5B5D-41C7-990F-2506980D1FB4}
	EndGlobalSection
	GlobalSection(NestedProjects) = preSolution
		{4A5690A8-B69A-4243-A85D-8E0282D8D261} = {70AAF828-69D7-463D-A3CC-2477F2012D58}
		{C40CF54E-0731-41C8-BA81-1AFC6212F693} = {4A5690A8-B69A-4243-A85D-8E0282D8D261}
		{34CA6E71-6102-4022-82AE-37F1B3E967CA} = {4A5690A8-B69A-4243-A85D-8E0282D8D261}
		{1E6A1EA0-7F0C-4C40-BEDA-CFA98C1EB45D} = {4A5690A8-B69A-4243-A85D-8E0282D8D261}
		{07E917C8-193D-4722-A6A8-27082D6D75F0} = {4A5690A8-B69A-4243-A85D-8E0282D8D261}
		{19D36FA2-A80B-4C98-9C35-F3BCD7B781E4} = {4A5690A8-B69A-4243-A85D-8E0282D8D261}
		{EE883306-5E07-49DD-9C53-37E3BE454164} = {19D36FA2-A80B-4C98-9C35-F3BCD7B781E4}
	EndGlobalSection
EndGlobal
