Microsoft Visual Studio Solution File, Format Version 12.00
# Visual Studio Version 16
VisualStudioVersion = 16.0.0.0
MinimumVisualStudioVersion = 16.0.0.0
Project("{2150E333-8FDC-42A3-9474-1A3956D46DE8}") = "src", "src", "{70AAF828-69D7-463D-A3CC-2477F2012D58}"
EndProject
Project("{2150E333-8FDC-42A3-9474-1A3956D46DE8}") = "Client", "Client", "{88DAAF3D-EB25-4FDF-925D-A1A6B27F2F5F}"
EndProject
Project("{2150E333-8FDC-42A3-9474-1A3956D46DE8}") = "Backend", "Backend", "{4A5690A8-B69A-4243-A85D-8E0282D8D261}"
EndProject
Project("{2150E333-8FDC-42A3-9474-1A3956D46DE8}") = "Shared", "Shared", "{FD78B35E-7BCC-4965-A81F-F62A0098ECDD}"
EndProject
Project("{FAE04EC0-301F-11D3-BF4B-00C04F79EFBC}") = "CozySoccerChamp.Shared", "Shared\CozySoccerChamp.Shared\CozySoccerChamp.Shared.csproj", "{B4F013EE-F887-4078-B0C6-F4BC222F26AB}"
EndProject
Project("{FAE04EC0-301F-11D3-BF4B-00C04F79EFBC}") = "CozySoccerChamp.Api", "Backend\CozySoccerChamp.Api\CozySoccerChamp.Api.csproj", "{C40CF54E-0731-41C8-BA81-1AFC6212F693}"
EndProject
Global
	GlobalSection(SolutionConfigurationPlatforms) = preSolution
		Debug|Any CPU = Debug|Any CPU
		Debug|x64 = Debug|x64
		Debug|x86 = Debug|x86
		Release|Any CPU = Release|Any CPU
		Release|x64 = Release|x64
		Release|x86 = Release|x86
	EndGlobalSection
	GlobalSection(ProjectConfigurationPlatforms) = postSolution
		{B4F013EE-F887-4078-B0C6-F4BC222F26AB}.Debug|Any CPU.ActiveCfg = Debug|Any CPU
		{B4F013EE-F887-4078-B0C6-F4BC222F26AB}.Debug|Any CPU.Build.0 = Debug|Any CPU
		{B4F013EE-F887-4078-B0C6-F4BC222F26AB}.Debug|x64.ActiveCfg = Debug|Any CPU
		{B4F013EE-F887-4078-B0C6-F4BC222F26AB}.Debug|x64.Build.0 = Debug|Any CPU
		{B4F013EE-F887-4078-B0C6-F4BC222F26AB}.Debug|x86.ActiveCfg = Debug|Any CPU
		{B4F013EE-F887-4078-B0C6-F4BC222F26AB}.Debug|x86.Build.0 = Debug|Any CPU
		{B4F013EE-F887-4078-B0C6-F4BC222F26AB}.Release|Any CPU.ActiveCfg = Release|Any CPU
		{B4F013EE-F887-4078-B0C6-F4BC222F26AB}.Release|Any CPU.Build.0 = Release|Any CPU
		{B4F013EE-F887-4078-B0C6-F4BC222F26AB}.Release|x64.ActiveCfg = Release|Any CPU
		{B4F013EE-F887-4078-B0C6-F4BC222F26AB}.Release|x64.Build.0 = Release|Any CPU
		{B4F013EE-F887-4078-B0C6-F4BC222F26AB}.Release|x86.ActiveCfg = Release|Any CPU
		{B4F013EE-F887-4078-B0C6-F4BC222F26AB}.Release|x86.Build.0 = Release|Any CPU
		{C40CF54E-0731-41C8-BA81-1AFC6212F693}.Debug|Any CPU.ActiveCfg = Debug|Any CPU
		{C40CF54E-0731-41C8-BA81-1AFC6212F693}.Debug|Any CPU.Build.0 = Debug|Any CPU
		{C40CF54E-0731-41C8-BA81-1AFC6212F693}.Debug|x64.ActiveCfg = Debug|Any CPU
		{C40CF54E-0731-41C8-BA81-1AFC6212F693}.Debug|x64.Build.0 = Debug|Any CPU
		{C40CF54E-0731-41C8-BA81-1AFC6212F693}.Debug|x86.ActiveCfg = Debug|Any CPU
		{C40CF54E-0731-41C8-BA81-1AFC6212F693}.Debug|x86.Build.0 = Debug|Any CPU
		{C40CF54E-0731-41C8-BA81-1AFC6212F693}.Release|Any CPU.ActiveCfg = Release|Any CPU
		{C40CF54E-0731-41C8-BA81-1AFC6212F693}.Release|Any CPU.Build.0 = Release|Any CPU
		{C40CF54E-0731-41C8-BA81-1AFC6212F693}.Release|x64.ActiveCfg = Release|Any CPU
		{C40CF54E-0731-41C8-BA81-1AFC6212F693}.Release|x64.Build.0 = Release|Any CPU
		{C40CF54E-0731-41C8-BA81-1AFC6212F693}.Release|x86.ActiveCfg = Release|Any CPU
		{C40CF54E-0731-41C8-BA81-1AFC6212F693}.Release|x86.Build.0 = Release|Any CPU
	EndGlobalSection
	GlobalSection(SolutionProperties) = preSolution
		HideSolutionNode = FALSE
	EndGlobalSection
	GlobalSection(ExtensibilityGlobals) = postSolution
		SolutionGuid = {581FB7FA-5B5D-41C7-990F-2506980D1FB4}
	EndGlobalSection
	GlobalSection(NestedProjects) = preSolution
		{88DAAF3D-EB25-4FDF-925D-A1A6B27F2F5F} = {70AAF828-69D7-463D-A3CC-2477F2012D58}
		{4A5690A8-B69A-4243-A85D-8E0282D8D261} = {70AAF828-69D7-463D-A3CC-2477F2012D58}
		{FD78B35E-7BCC-4965-A81F-F62A0098ECDD} = {70AAF828-69D7-463D-A3CC-2477F2012D58}
		{B4F013EE-F887-4078-B0C6-F4BC222F26AB} = {FD78B35E-7BCC-4965-A81F-F62A0098ECDD}
		{C40CF54E-0731-41C8-BA81-1AFC6212F693} = {4A5690A8-B69A-4243-A85D-8E0282D8D261}
	EndGlobalSection
EndGlobal
